
Microsoft Visual Studio Solution File, Format Version 12.00
# Visual Studio Version 17
VisualStudioVersion = 17.13.35825.156 d17.13
MinimumVisualStudioVersion = 10.0.40219.1
Project("{FAE04EC0-301F-11D3-BF4B-00C04F79EFBC}") = "TP_02_KPL", "TP_02_KPL\TP_02_KPL.csproj", "{1B7E2186-3D5C-4D81-9867-B4EF0ADB924A}"
EndProject
Global
	GlobalSection(SolutionConfigurationPlatforms) = preSolution
		Debug|Any CPU = Debug|Any CPU
		Release|Any CPU = Release|Any CPU
	EndGlobalSection
	GlobalSection(ProjectConfigurationPlatforms) = postSolution
		{1B7E2186-3D5C-4D81-9867-B4EF0ADB924A}.Debug|Any CPU.ActiveCfg = Debug|Any CPU
		{1B7E2186-3D5C-4D81-9867-B4EF0ADB924A}.Debug|Any CPU.Build.0 = Debug|Any CPU
		{1B7E2186-3D5C-4D81-9867-B4EF0ADB924A}.Release|Any CPU.ActiveCfg = Release|Any CPU
		{1B7E2186-3D5C-4D81-9867-B4EF0ADB924A}.Release|Any CPU.Build.0 = Release|Any CPU
	EndGlobalSection
	GlobalSection(SolutionProperties) = preSolution
		HideSolutionNode = FALSE
	EndGlobalSection
	GlobalSection(ExtensibilityGlobals) = postSolution
		SolutionGuid = {4812BF22-C37A-4037-964E-E49A19ED77E8}
	EndGlobalSection
EndGlobal
